PODS:
  - Capacitor (8.4.2):
    - CapacitorCordova
  - CapacitorCordova (8.4.2)
  - CapacitorHaptics (8.0.2):
    - Capacitor

DEPENDENCIES:
  - "Capacitor (from `../../node_modules/@capacitor/ios`)"
  - "CapacitorCordova (from `../../node_modules/@capacitor/ios`)"
  - "CapacitorHaptics (from `../../node_modules/@capacitor/haptics`)"

EXTERNAL SOURCES:
  Capacitor:
    :path: "../../node_modules/@capacitor/ios"
  CapacitorCordova:
    :path: "../../node_modules/@capacitor/ios"
  CapacitorHaptics:
    :path: "../../node_modules/@capacitor/haptics"

SPEC CHECKSUMS:
  Capacitor: 52f999235b8bd6a7d01694753f4f4d54d182e3a3
  CapacitorCordova: 345eacdc4c8282415446aea4acd8c77d82480bd4
  CapacitorHaptics: 296f771ecd89c7a1bd92a7b6826a7d268e2e70f5

PODFILE CHECKSUM: 46c4b6016d375eef4ed2bd0ec06ac02872b3f619

COCOAPODS: 1.17.0
